{
    "_meta": {
        "hash": {
            "sha256": "527a9a7b75d65259fc23d7fe6c4a0b6b909be3472f5ae6297be7243602711f27"
        },
        "pipfile-spec": 6,
        "requires": {
            "python_version": "3.8"
        },
        "sources": [
            {
                "name": "pypi",
                "url": "https://pypi.org/simple",
                "verify_ssl": true
            }
        ]
    },
    "default": {
        "aiohttp": {
            "hashes": [
                "sha256:3a253332a0d8f82549e65035ebe7199580c3ea0e47071b7428f25b109b3c0310",
                "sha256:3ac6fa105355928e2fc02e876d0d72d6230557d4637017ebf09aec7611124155",
                "sha256:3bfcb76553d7f6296d1a598162d5fb890198f98c021540cbbb85bb604ff198db",
                "sha256:714c62532ca6be90be4b54002743e7ea277ec78b45f04ae86cdc6f45a8400abd",
                "sha256:81a6aaace2b9e8a87531277a5d5f998efbd3554c15bf47173834386966d1bbe1",
                "sha256:ad374a5d7be1de271ecd0fb0ef87c0f8dd9fb062e6fae350fa6c098360018978",
                "sha256:c3e1897726f97d40e067e8b658b2dbdfe216f32b801c5c589212e1b1f9aa8388",
                "sha256:c579ec606f25b3f756f177fee6db344f8d7ef75cfc0603a94c9fa1d1c645789d",
                "sha256:e1985766a4c83fcbdf7dde06544231fc9fb3de8929788179e623d6f9f9f321d2"
            ],
            "index": "pypi",
            "version": "==1.0.5"
        },
        "async-timeout": {
            "hashes": [
                "sha256:380e9bfd4c009a14931ffe487499b0906b00b3378bb743542cfd9fbb6d8e4657",
                "sha256:fe2f598eb140a444cc4ba15010f109259ad8eebcb11a9107fdb9ea32139bc722"
            ],
            "index": "pypi",
            "version": "==1.2.1"
        },
        "chardet": {
            "hashes": [
                "sha256:84ab92ed1c4d4f16916e05906b6b75a6c0fb5db821cc65e70cbd64a3e2a5eaae",
                "sha256:fc323ffcaeaed0e0a02bf4d117757b98aed530d9ed4531e3e15460124c106691"
            ],
            "index": "pypi",
            "version": "==3.0.4"
        },
        "discord.py": {
            "hashes": [
                "sha256:d775b701383e3a5762accf3816b819f357f299476701615ac30c7715a5ea79aa"
            ],
            "index": "pypi",
            "version": "==0.16.8"
        },
        "multidict": {
            "hashes": [
                "sha256:0fd1803328017d7cbce4ed45dadef0304b34dde9e90613e53b9b56f6a2bf22a2",
                "sha256:111dd636cb2746fcad2628f067ddf244d15887526d58d3cba48db8868e836cb0",
                "sha256:247f4d2cae0d38efa53f6e3cd3e26c5eb3fdf704679972a1db4c7b74bd0c1b8d",
                "sha256:2edbef18399a93e34c8a12c5477c2494c7663859457a7e783bf597be0fa87f04",
                "sha256:2f8657b1280dd8f0f1f8648c11a9acecd6942c80e7d9a5256a51ffd4d8d81269",
                "sha256:476f0f8fee5e68298c28cf49b40af57f8d14db40fbdfb67261e2f4fdb6a321bc",
                "sha256:504137abc2ac6a6a8d19c00f0d451885cc36f047d9dc9aaf11238f9a3c63e95e",
                "sha256:5c176bb980bbb8221c0876d18dabb263e78394de02172a3582d2dd461faa9422",
                "sha256:875f80a046e7799b40df4b015b8fc5dae91697936872a8d7362c909a02ec6d12",
                "sha256:94d77e7090791ddff7afc83995004e718d5f93880e2db11079b2b28ea86d83d2",
                "sha256:974df422dd16d183a68efacd5f68396ce733ae183545157ce66687141d6941bd"
            ],
            "index": "pypi",
            "version": "==3.1.3"
        },
        "websockets": {
            "hashes": [
                "sha256:1c5d186cef232011365ea58f611eeeac9417c82e46c70ef65ac019d339dc6fb0",
                "sha256:305ab7fdd86afd08c2723461c949e153f7b01233f95a108619a15e41b7a74c93"
            ],
            "index": "pypi",
            "version": "==3.3"
        }
    },
    "develop": {}
}
